
Microsoft Visual Studio Solution File, Format Version 12.00
# Visual Studio Version 17
VisualStudioVersion = 17.7.34009.444
MinimumVisualStudioVersion = 10.0.40219.1
Project("{FAE04EC0-301F-11D3-BF4B-00C04F79EFBC}") = "Lista4_Ex6", "Lista4_Ex6.csproj", "{7EA84360-1607-4AF8-A88F-B4C11248FE2E}"
EndProject
Global
	GlobalSection(SolutionConfigurationPlatforms) = preSolution
		Debug|Any CPU = Debug|Any CPU
		Release|Any CPU = Release|Any CPU
	EndGlobalSection
	GlobalSection(ProjectConfigurationPlatforms) = postSolution
		{7EA84360-1607-4AF8-A88F-B4C11248FE2E}.Debug|Any CPU.ActiveCfg = Debug|Any CPU
		{7EA84360-1607-4AF8-A88F-B4C11248FE2E}.Debug|Any CPU.Build.0 = Debug|Any CPU
		{7EA84360-1607-4AF8-A88F-B4C11248FE2E}.Release|Any CPU.ActiveCfg = Release|Any CPU
		{7EA84360-1607-4AF8-A88F-B4C11248FE2E}.Release|Any CPU.Build.0 = Release|Any CPU
	EndGlobalSection
	GlobalSection(SolutionProperties) = preSolution
		HideSolutionNode = FALSE
	EndGlobalSection
	GlobalSection(ExtensibilityGlobals) = postSolution
		SolutionGuid = {569DCBBF-2F9D-436E-96F1-851474736A7C}
	EndGlobalSection
EndGlobal
